{
  "nodes": {
    "advisory-db": {
      "flake": false,
      "locked": {
        "lastModified": 1771638490,
        "narHash": "sha256-OIYJvnkMYnDOz4QNB98AL3Nsw22s8KDT4teKDLiWKFY=",
        "owner": "rustsec",
        "repo": "advisory-db",
        "rev": "9dad93ab565dedea29b49d673c8004da4fbc71d2",
        "type": "github"
      },
      "original": {
        "owner": "rustsec",
        "repo": "advisory-db",
        "type": "github"
      }
    },
    "crane": {
      "locked": {
        "lastModified": 1771796463,
        "narHash": "sha256-9bCDuUzpwJXcHMQYMS1yNuzYMmKO/CCwCexpjWOl62I=",
        "owner": "ipetkov",
        "repo": "crane",
        "rev": "3d3de3313e263e04894f284ac18177bd26169bad",
        "type": "github"
      },
      "original": {
        "owner": "ipetkov",
        "repo": "crane",
        "type": "github"
      }
    },
    "msix-packaging": {
      "flake": false,
      "locked": {
        "lastModified": 1625629319,
        "narHash": "sha256-apaNa/P3VpneHjfzxejI8tdNeZ/WDVlunr/3NWTvvgg=",
        "owner": "mozilla",
        "repo": "msix-packaging",
        "rev": "be7e5b303ca51e22f74d539b0b62cd361e33e4de",
        "type": "github"
      },
      "original": {
        "owner": "mozilla",
        "ref": "johnmcpms/signing",
        "repo": "msix-packaging",
        "type": "github"
      }
    },
    "nixpkgs": {
      "locked": {
        "lastModified": 1767364772,
        "narHash": "sha256-fFUnEYMla8b7UKjijLnMe+oVFOz6HjijGGNS1l7dYaQ=",
        "owner": "NixOS",
        "repo": "nixpkgs",
        "rev": "16c7794d0a28b5a37904d55bcca36003b9109aaa",
        "type": "github"
      },
      "original": {
        "owner": "NixOS",
        "ref": "nixpkgs-unstable",
        "repo": "nixpkgs",
        "type": "github"
      }
    },
    "root": {
      "inputs": {
        "advisory-db": "advisory-db",
        "crane": "crane",
        "msix-packaging": "msix-packaging",
        "nixpkgs": "nixpkgs",
        "rust-overlay": "rust-overlay",
        "systems": "systems"
      }
    },
    "rust-overlay": {
      "inputs": {
        "nixpkgs": [
          "nixpkgs"
        ]
      },
      "locked": {
        "lastModified": 1767408057,
        "narHash": "sha256-0TD2PNTt6olOonFgcvZJcNGiU3x5cX+RMzrfWfHB9Jw=",
        "owner": "oxalica",
        "repo": "rust-overlay",
        "rev": "294198315a13d6d130565ad08e97685df7b0d458",
        "type": "github"
      },
      "original": {
        "owner": "oxalica",
        "repo": "rust-overlay",
        "type": "github"
      }
    },
    "systems": {
      "locked": {
        "lastModified": 1681028828,
        "narHash": "sha256-Vy1rq5AaRuLzOxct8nz4T6wlgyUR7zLU309k9mBC768=",
        "owner": "nix-systems",
        "repo": "default",
        "rev": "da67096a3b9bf56a91d16901293e51ba5b49a27e",
        "type": "github"
      },
      "original": {
        "owner": "nix-systems",
        "repo": "default",
        "type": "github"
      }
    }
  },
  "root": "root",
  "version": 7
}
